// !$*UTF8*$!
{
	archiveVersion = 1;
	classes = {
	};
	objectVersion = 46;
	objects = {

/* Begin PBXBuildFile section */
		6893B90F1BF58CA800E0CE29 /* main.m in Sources */ = {isa = PBXBuildFile; fileRef = 6893B90E1BF58CA800E0CE29 /* main.m */; };
		6893B9121BF58CA800E0CE29 /* AppDelegate.m in Sources */ = {isa = PBXBuildFile; fileRef = 6893B9111BF58CA800E0CE29 /* AppDelegate.m */; };
		6893B9151BF58CA800E0CE29 /* ViewController.m in Sources */ = {isa = PBXBuildFile; fileRef = 6893B9141BF58CA800E0CE29 /* ViewController.m */; };
		6893B9181BF58CA800E0CE29 /* Main.storyboard in Resources */ = {isa = PBXBuildFile; fileRef = 6893B9161BF58CA800E0CE29 /* Main.storyboard */; };
		6893B91A1BF58CA800E0CE29 /* Assets.xcassets in Resources */ = {isa = PBXBuildFile; fileRef = 6893B9191BF58CA800E0CE29 /* Assets.xcassets */; };
		6893B91D1BF58CA800E0CE29 /* LaunchScreen.storyboard in Resources */ = {isa = PBXBuildFile; fileRef = 6893B91B1BF58CA800E0CE29 /* LaunchScreen.storyboard */; };
/* End PBXBuildFile section */

/* Begin PBXFileReference section */
		6893B90A1BF58CA800E0CE29 /* move.app */ = {isa = PBXFileReference; explicitFileType = wrapper.application; includeInIndex = 0; path = move.app; sourceTree = BUILT_PRODUCTS_DIR; };
		6893B90E1BF58CA800E0CE29 /* main.m */ = {isa = PBXFileReference; lastKnownFileType = sourcecode.c.objc; path = main.m; sourceTree = "<group>"; };
		6893B9101BF58CA800E0CE29 /* AppDelegate.h */ = {isa = PBXFileReference; lastKnownFileType = sourcecode.c.h; path = AppDelegate.h; sourceTree = "<group>"; };
		6893B9111BF58CA800E0CE29 /* AppDelegate.m */ = {isa = PBXFileReference; lastKnownFileType = sourcecode.c.objc; path = AppDelegate.m; sourceTree = "<group>"; };
		6893B9131BF58CA800E0CE29 /* ViewController.h */ = {isa = PBXFileReference; lastKnownFileType = sourcecode.c.h; path = ViewController.h; sourceTree = "<group>"; };
		6893B9141BF58CA800E0CE29 /* ViewController.m */ = {isa = PBXFileReference; lastKnownFileType = sourcecode.c.objc; path = ViewController.m; sourceTree = "<group>"; };
		6893B9171BF58CA800E0CE29 /* Base */ = {isa = PBXFileReference; lastKnownFileType = file.storyboard; name = Base; path = Base.lproj/Main.storyboard; sourceTree = "<group>"; };
		6893B9191BF58CA800E0CE29 /* Assets.xcassets */ = {isa = PBXFileReference; lastKnownFileType = folder.assetcatalog; path = Assets.xcassets; sourceTree = "<group>"; };
		6893B91C1BF58CA800E0CE29 /* Base */ = {isa = PBXFileReference; lastKnownFileType = file.storyboard; name = Base; path = Base.lproj/LaunchScreen.storyboard; sourceTree = "<group>"; };
		6893B91E1BF58CA800E0CE29 /* Info.plist */ = {isa = PBXFileReference; lastKnownFileType = text.plist.xml; path = Info.plist; sourceTree = "<group>"; };
/* End PBXFileReference section */

/* Begin PBXFrameworksBuildPhase section */
		6893B9071BF58CA800E0CE29 /* Frameworks */ = {
			isa = PBXFrameworksBuildPhase;
			buildActionMask = 2147483647;
			files = (
			);
			runOnlyForDeploymentPostprocessing = 0;
		};
/* End PBXFrameworksBuildPhase section */

/* Begin PBXGroup section */
		6893B9011BF58CA800E0CE29 = {
			isa = PBXGroup;
			children = (
				6893B90C1BF58CA800E0CE29 /* move */,
				6893B90B1BF58CA800E0CE29 /* Products */,
			);
			sourceTree = "<group>";
		};
		6893B90B1BF58CA800E0CE29 /* Products */ = {
			isa = PBXGroup;
			children = (
				6893B90A1BF58CA800E0CE29 /* move.app */,
			);
			name = Products;
			sourceTree = "<group>";
		};
		6893B90C1BF58CA800E0CE29 /* move */ = {
			isa = PBXGroup;
			children = (
				6893B9101BF58CA800E0CE29 /* AppDelegate.h */,
				6893B9111BF58CA800E0CE29 /* AppDelegate.m */,
				6893B9131BF58CA800E0CE29 /* ViewController.h */,
				6893B9141BF58CA800E0CE29 /* ViewController.m */,
				6893B9161BF58CA800E0CE29 /* Main.storyboard */,
				6893B9191BF58CA800E0CE29 /* Assets.xcassets */,
				6893B91B1BF58CA800E0CE29 /* LaunchScreen.storyboard */,
				6893B91E1BF58CA800E0CE29 /* Info.plist */,
				6893B90D1BF58CA800E0CE29 /* Supporting Files */,
			);
			path = move;
			sourceTree = "<group>";
		};
		6893B90D1BF58CA800E0CE29 /* Supporting Files */ = {
			isa = PBXGroup;
			children = (
				6893B90E1BF58CA800E0CE29 /* main.m */,
			);
			name = "Supporting Files";
			sourceTree = "<group>";
		};
/* End PBXGroup section */

/* Begin PBXNativeTarget section */
		6893B9091BF58CA800E0CE29 /* move */ = {
			isa = PBXNativeTarget;
			buildConfigurationList = 6893B9211BF58CA800E0CE29 /* Build configuration list for PBXNativeTarget "move" */;
			buildPhases = (
				6893B9061BF58CA800E0CE29 /* Sources */,
				6893B9071BF58CA800E0CE29 /* Frameworks */,
				6893B9081BF58CA800E0CE29 /* Resources */,
			);
			buildRules = (
			);
			dependencies = (
			);
			name = move;
			productName = move;
			productReference = 6893B90A1BF58CA800E0CE29 /* move.app */;
			productType = "com.apple.product-type.application";
		};
/* End PBXNativeTarget section */

/* Begin PBXProject section */
		6893B9021BF58CA800E0CE29 /* Project object */ = {
			isa = PBXProject;
			attributes = {
				LastUpgradeCheck = 0710;
				ORGANIZATIONNAME = "郭金涛";
				TargetAttributes = {
					6893B9091BF58CA800E0CE29 = {
						CreatedOnToolsVersion = 7.1;
						DevelopmentTeam = M5KWT2LAHH;
					};
				};
			};
			buildConfigurationList = 6893B9051BF58CA800E0CE29 /* Build configuration list for PBXProject "move" */;
			compatibilityVersion = "Xcode 3.2";
			developmentRegion = English;
			hasScannedForEncodings = 0;
			knownRegions = (
				en,
				Base,
			);
			mainGroup = 6893B9011BF58CA800E0CE29;
			productRefGroup = 6893B90B1BF58CA800E0CE29 /* Products */;
			projectDirPath = "";
			projectRoot = "";
			targets = (
				6893B9091BF58CA800E0CE29 /* move */,
			);
		};
/* End PBXProject section */

/* Begin PBXResourcesBuildPhase section */
		6893B9081BF58CA800E0CE29 /* Resources */ = {
			isa = PBXResourcesBuildPhase;
			buildActionMask = 2147483647;
			files = (
				6893B91D1BF58CA800E0CE29 /* LaunchScreen.storyboard in Resources */,
				6893B91A1BF58CA800E0CE29 /* Assets.xcassets in Resources */,
				6893B9181BF58CA800E0CE29 /* Main.storyboard in Resources */,
			);
			runOnlyForDeploymentPostprocessing = 0;
		};
/* End PBXResourcesBuildPhase section */

/* Begin PBXSourcesBuildPhase section */
		6893B9061BF58CA800E0CE29 /* Sources */ = {
			isa = PBXSourcesBuildPhase;
			buildActionMask = 2147483647;
			files = (
				6893B9151BF58CA800E0CE29 /* ViewController.m in Sources */,
				6893B9121BF58CA800E0CE29 /* AppDelegate.m in Sources */,
				6893B90F1BF58CA800E0CE29 /* main.m in Sources */,
			);
			runOnlyForDeploymentPostprocessing = 0;
		};
/* End PBXSourcesBuildPhase section */

/* Begin PBXVariantGroup section */
		6893B9161BF58CA800E0CE29 /* Main.storyboard */ = {
			isa = PBXVariantGroup;
			children = (
				6893B9171BF58CA800E0CE29 /* Base */,
			);
			name = Main.storyboard;
			sourceTree = "<group>";
		};
		6893B91B1BF58CA800E0CE29 /* LaunchScreen.storyboard */ = {
			isa = PBXVariantGroup;
			children = (
				6893B91C1BF58CA800E0CE29 /* Base */,
			);
			name = LaunchScreen.storyboard;
			sourceTree = "<group>";
		};
/* End PBXVariantGroup section */

/* Begin XCBuildConfiguration section */
		6893B91F1BF58CA800E0CE29 /* Debug */ = {
			isa = XCBuildConfiguration;
			buildSettings = {
				ALWAYS_SEARCH_USER_PATHS = NO;
				CLANG_CXX_LANGUAGE_STANDARD = "gnu++0x";
				CLANG_CXX_LIBRARY = "libc++";
				CLANG_ENABLE_MODULES = YES;
				CLANG_ENABLE_OBJC_ARC = YES;
				CLANG_WARN_BOOL_CONVERSION = YES;
				CLANG_WARN_CONSTANT_CONVERSION = YES;
				CLANG_WARN_DIRECT_OBJC_ISA_USAGE = YES_ERROR;
				CLANG_WARN_EMPTY_BODY = YES;
				CLANG_WARN_ENUM_CONVERSION = YES;
				CLANG_WARN_INT_CONVERSION = YES;
				CLANG_WARN_OBJC_ROOT_CLASS = YES_ERROR;
				CLANG_WARN_UNREACHABLE_CODE = YES;
				CLANG_WARN__DUPLICATE_METHOD_MATCH = YES;
				"CODE_SIGN_IDENTITY[sdk=iphoneos*]" = "iPhone Developer";
				COPY_PHASE_STRIP = NO;
				DEBUG_INFORMATION_FORMAT = dwarf;
				ENABLE_STRICT_OBJC_MSGSEND = YES;
				ENABLE_TESTABILITY = YES;
				GCC_C_LANGUAGE_STANDARD = gnu99;
				GCC_DYNAMIC_NO_PIC = NO;
				GCC_NO_COMMON_BLOCKS = YES;
				GCC_OPTIMIZATION_LEVEL = 0;
				GCC_PREPROCESSOR_DEFINITIONS = (
					"DEBUG=1",
					"$(inherited)",
				);
				GCC_WARN_64_TO_32_BIT_CONVERSION = YES;
				GCC_WARN_ABOUT_RETURN_TYPE = YES_ERROR;
				GCC_WARN_UNDECLARED_SELECTOR = YES;
				GCC_WARN_UNINITIALIZED_AUTOS = YES_AGGRESSIVE;
				GCC_WARN_UNUSED_FUNCTION = YES;
				GCC_WARN_UNUSED_VARIABLE = YES;
				IPHONEOS_DEPLOYMENT_TARGET = 9.1;
				MTL_ENABLE_DEBUG_INFO = YES;
				ONLY_ACTIVE_ARCH = YES;
				SDKROOT = iphoneos;
				TARGETED_DEVICE_FAMILY = "1,2";
			};
			name = Debug;
		};
		6893B9201BF58CA800E0CE29 /* Release */ = {
			isa = XCBuildConfiguration;
			buildSettings = {
				ALWAYS_SEARCH_USER_PATHS = NO;
				CLANG_CXX_LANGUAGE_STANDARD = "gnu++0x";
				CLANG_CXX_LIBRARY = "libc++";
				CLANG_ENABLE_MODULES = YES;
				CLANG_ENABLE_OBJC_ARC = YES;
				CLANG_WARN_BOOL_CONVERSION = YES;
				CLANG_WARN_CONSTANT_CONVERSION = YES;
				CLANG_WARN_DIRECT_OBJC_ISA_USAGE = YES_ERROR;
				CLANG_WARN_EMPTY_BODY = YES;
				CLANG_WARN_ENUM_CONVERSION = YES;
				CLANG_WARN_INT_CONVERSION = YES;
				CLANG_WARN_OBJC_ROOT_CLASS = YES_ERROR;
				CLANG_WARN_UNREACHABLE_CODE = YES;
				CLANG_WARN__DUPLICATE_METHOD_MATCH = YES;
				"CODE_SIGN_IDENTITY[sdk=iphoneos*]" = "iPhone Developer";
				COPY_PHASE_STRIP = NO;
				DEBUG_INFORMATION_FORMAT = "dwarf-with-dsym";
				ENABLE_NS_ASSERTIONS = NO;
				ENABLE_STRICT_OBJC_MSGSEND = YES;
				GCC_C_LANGUAGE_STANDARD = gnu99;
				GCC_NO_COMMON_BLOCKS = YES;
				GCC_WARN_64_TO_32_BIT_CONVERSION = YES;
				GCC_WARN_ABOUT_RETURN_TYPE = YES_ERROR;
				GCC_WARN_UNDECLARED_SELECTOR = YES;
				GCC_WARN_UNINITIALIZED_AUTOS = YES_AGGRESSIVE;
				GCC_WARN_UNUSED_FUNCTION = YES;
				GCC_WARN_UNUSED_VARIABLE = YES;
				IPHONEOS_DEPLOYMENT_TARGET = 9.1;
				MTL_ENABLE_DEBUG_INFO = NO;
				SDKROOT = iphoneos;
				TARGETED_DEVICE_FAMILY = "1,2";
				VALIDATE_PRODUCT = YES;
			};
			name = Release;
		};
		6893B9221BF58CA800E0CE29 /* Debug */ = {
			isa = XCBuildConfiguration;
			buildSettings = {
				ASSETCATALOG_COMPILER_APPICON_NAME = AppIcon;
				INFOPLIST_FILE = move/Info.plist;
				LD_RUNPATH_SEARCH_PATHS = "$(inherited) @executable_path/Frameworks";
				PRODUCT_BUNDLE_IDENTIFIER = guojintao.com.move;
				PRODUCT_NAME = "$(TARGET_NAME)";
			};
			name = Debug;
		};
		6893B9231BF58CA800E0CE29 /* Release */ = {
			isa = XCBuildConfiguration;
			buildSettings = {
				ASSETCATALOG_COMPILER_APPICON_NAME = AppIcon;
				INFOPLIST_FILE = move/Info.plist;
				LD_RUNPATH_SEARCH_PATHS = "$(inherited) @executable_path/Frameworks";
				PRODUCT_BUNDLE_IDENTIFIER = guojintao.com.move;
				PRODUCT_NAME = "$(TARGET_NAME)";
			};
			name = Release;
		};
/* End XCBuildConfiguration section */

/* Begin XCConfigurationList section */
		6893B9051BF58CA800E0CE29 /* Build configuration list for PBXProject "move" */ = {
			isa = XCConfigurationList;
			buildConfigurations = (
				6893B91F1BF58CA800E0CE29 /* Debug */,
				6893B9201BF58CA800E0CE29 /* Release */,
			);
			defaultConfigurationIsVisible = 0;
			defaultConfigurationName = Release;
		};
		6893B9211BF58CA800E0CE29 /* Build configuration list for PBXNativeTarget "move" */ = {
			isa = XCConfigurationList;
			buildConfigurations = (
				6893B9221BF58CA800E0CE29 /* Debug */,
				6893B9231BF58CA800E0CE29 /* Release */,
			);
			defaultConfigurationIsVisible = 0;
		};
/* End XCConfigurationList section */
	};
	rootObject = 6893B9021BF58CA800E0CE29 /* Project object */;
}
